
Microsoft Visual Studio Solution File, Format Version 12.00
# Visual Studio Version 17
VisualStudioVersion = 17.12.35514.174
MinimumVisualStudioVersion = 10.0.40219.1
Project("{FAE04EC0-301F-11D3-BF4B-00C04F79EFBC}") = "EctoTec", "EctoTec\EctoTec.csproj", "{720C555A-14D7-4994-AE87-849FBC08C400}"
EndProject
Project("{2150E333-8FDC-42A3-9474-1A3956D46DE8}") = "Solution Items", "Solution Items", "{C3278DE6-13AF-4CF7-862A-72E6A38200F1}"
	ProjectSection(SolutionItems) = preProject
		.editorconfig = .editorconfig
	EndProjectSection
EndProject
Global
	GlobalSection(SolutionConfigurationPlatforms) = preSolution
		Debug|Any CPU = Debug|Any CPU
		Release|Any CPU = Release|Any CPU
	EndGlobalSection
	GlobalSection(ProjectConfigurationPlatforms) = postSolution
		{720C555A-14D7-4994-AE87-849FBC08C400}.Debug|Any CPU.ActiveCfg = Debug|Any CPU
		{720C555A-14D7-4994-AE87-849FBC08C400}.Debug|Any CPU.Build.0 = Debug|Any CPU
		{720C555A-14D7-4994-AE87-849FBC08C400}.Release|Any CPU.ActiveCfg = Release|Any CPU
		{720C555A-14D7-4994-AE87-849FBC08C400}.Release|Any CPU.Build.0 = Release|Any CPU
	EndGlobalSection
	GlobalSection(SolutionProperties) = preSolution
		HideSolutionNode = FALSE
	EndGlobalSection
EndGlobal
